// !$*UTF8*$!
{
	archiveVersion = 1;
	classes = {
	};
	objectVersion = 46;
	objects = {

/* Begin PBXBuildFile section */
		293713831CF499C000056AFB /* AppDelegate.swift in Sources */ = {isa = PBXBuildFile; fileRef = 293713821CF499C000056AFB /* AppDelegate.swift */; };
		293713851CF499C000056AFB /* ViewController.swift in Sources */ = {isa = PBXBuildFile; fileRef = 293713841CF499C000056AFB /* ViewController.swift */; };
		293713881CF499C000056AFB /* Main.storyboard in Resources */ = {isa = PBXBuildFile; fileRef = 293713861CF499C000056AFB /* Main.storyboard */; };
		2937138A1CF499C000056AFB /* Assets.xcassets in Resources */ = {isa = PBXBuildFile; fileRef = 293713891CF499C000056AFB /* Assets.xcassets */; };
		2937138D1CF499C000056AFB /* LaunchScreen.storyboard in Resources */ = {isa = PBXBuildFile; fileRef = 2937138B1CF499C000056AFB /* LaunchScreen.storyboard */; };
		293713951CF49BD700056AFB /* icon.jpg in Resources */ = {isa = PBXBuildFile; fileRef = 293713941CF49BD700056AFB /* icon.jpg */; };
/* End PBXBuildFile section */

/* Begin PBXFileReference section */
		2937137F1CF499C000056AFB /* generic.app */ = {isa = PBXFileReference; explicitFileType = wrapper.application; includeInIndex = 0; path = generic.app; sourceTree = BUILT_PRODUCTS_DIR; };
		293713821CF499C000056AFB /* AppDelegate.swift */ = {isa = PBXFileReference; lastKnownFileType = sourcecode.swift; path = AppDelegate.swift; sourceTree = "<group>"; };
		293713841CF499C000056AFB /* ViewController.swift */ = {isa = PBXFileReference; lastKnownFileType = sourcecode.swift; path = ViewController.swift; sourceTree = "<group>"; };
		293713871CF499C000056AFB /* Base */ = {isa = PBXFileReference; lastKnownFileType = file.storyboard; name = Base; path = Base.lproj/Main.storyboard; sourceTree = "<group>"; };
		293713891CF499C000056AFB /* Assets.xcassets */ = {isa = PBXFileReference; lastKnownFileType = folder.assetcatalog; path = Assets.xcassets; sourceTree = "<group>"; };
		2937138C1CF499C000056AFB /* Base */ = {isa = PBXFileReference; lastKnownFileType = file.storyboard; name = Base; path = Base.lproj/LaunchScreen.storyboard; sourceTree = "<group>"; };
		2937138E1CF499C000056AFB /* Info.plist */ = {isa = PBXFileReference; lastKnownFileType = text.plist.xml; path = Info.plist; sourceTree = "<group>"; };
		293713941CF49BD700056AFB /* icon.jpg */ = {isa = PBXFileReference; lastKnownFileType = image.jpeg; name = icon.jpg; path = ../icon.jpg; sourceTree = "<group>"; };
/* End PBXFileReference section */

/* Begin PBXFrameworksBuildPhase section */
		2937137C1CF499C000056AFB /* Frameworks */ = {
			isa = PBXFrameworksBuildPhase;
			buildActionMask = 2147483647;
			files = (
			);
			runOnlyForDeploymentPostprocessing = 0;
		};
/* End PBXFrameworksBuildPhase section */

/* Begin PBXGroup section */
		293713761CF499C000056AFB = {
			isa = PBXGroup;
			children = (
				293713811CF499C000056AFB /* generic */,
				293713801CF499C000056AFB /* Products */,
				293713941CF49BD700056AFB /* icon.jpg */,
			);
			sourceTree = "<group>";
		};
		293713801CF499C000056AFB /* Products */ = {
			isa = PBXGroup;
			children = (
				2937137F1CF499C000056AFB /* generic.app */,
			);
			name = Products;
			sourceTree = "<group>";
		};
		293713811CF499C000056AFB /* generic */ = {
			isa = PBXGroup;
			children = (
				293713821CF499C000056AFB /* AppDelegate.swift */,
				293713841CF499C000056AFB /* ViewController.swift */,
				293713861CF499C000056AFB /* Main.storyboard */,
				293713891CF499C000056AFB /* Assets.xcassets */,
				2937138B1CF499C000056AFB /* LaunchScreen.storyboard */,
				2937138E1CF499C000056AFB /* Info.plist */,
			);
			path = generic;
			sourceTree = "<group>";
		};
/* End PBXGroup section */

/* Begin PBXNativeTarget section */
		2937137E1CF499C000056AFB /* generic */ = {
			isa = PBXNativeTarget;
			buildConfigurationList = 293713911CF499C000056AFB /* Build configuration list for PBXNativeTarget "generic" */;
			buildPhases = (
				2937137B1CF499C000056AFB /* Sources */,
				2937137C1CF499C000056AFB /* Frameworks */,
				2937137D1CF499C000056AFB /* Resources */,
			);
			buildRules = (
			);
			dependencies = (
			);
			name = generic;
			productName = generic;
			productReference = 2937137F1CF499C000056AFB /* generic.app */;
			productType = "com.apple.product-type.application";
		};
/* End PBXNativeTarget section */

/* Begin PBXProject section */
		293713771CF499C000056AFB /* Project object */ = {
			isa = PBXProject;
			attributes = {
				LastSwiftUpdateCheck = 0730;
				LastUpgradeCheck = 0730;
				ORGANIZATIONNAME = "Apple Inc.";
				TargetAttributes = {
					2937137E1CF499C000056AFB = {
						CreatedOnToolsVersion = 7.3.1;
					};
				};
			};
			buildConfigurationList = 2937137A1CF499C000056AFB /* Build configuration list for PBXProject "generic" */;
			compatibilityVersion = "Xcode 3.2";
			developmentRegion = English;
			hasScannedForEncodings = 0;
			knownRegions = (
				en,
				Base,
			);
			mainGroup = 293713761CF499C000056AFB;
			productRefGroup = 293713801CF499C000056AFB /* Products */;
			projectDirPath = "";
			projectRoot = "";
			targets = (
				2937137E1CF499C000056AFB /* generic */,
			);
		};
/* End PBXProject section */

/* Begin PBXResourcesBuildPhase section */
		2937137D1CF499C000056AFB /* Resources */ = {
			isa = PBXResourcesBuildPhase;
			buildActionMask = 2147483647;
			files = (
				293713951CF49BD700056AFB /* icon.jpg in Resources */,
				2937138D1CF499C000056AFB /* LaunchScreen.storyboard in Resources */,
				2937138A1CF499C000056AFB /* Assets.xcassets in Resources */,
				293713881CF499C000056AFB /* Main.storyboard in Resources */,
			);
			runOnlyForDeploymentPostprocessing = 0;
		};
/* End PBXResourcesBuildPhase section */

/* Begin PBXSourcesBuildPhase section */
		2937137B1CF499C000056AFB /* Sources */ = {
			isa = PBXSourcesBuildPhase;
			buildActionMask = 2147483647;
			files = (
				293713851CF499C000056AFB /* ViewController.swift in Sources */,
				293713831CF499C000056AFB /* AppDelegate.swift in Sources */,
			);
			runOnlyForDeploymentPostprocessing = 0;
		};
/* End PBXSourcesBuildPhase section */

/* Begin PBXVariantGroup section */
		293713861CF499C000056AFB /* Main.storyboard */ = {
			isa = PBXVariantGroup;
			children = (
				293713871CF499C000056AFB /* Base */,
			);
			name = Main.storyboard;
			sourceTree = "<group>";
		};
		2937138B1CF499C000056AFB /* LaunchScreen.storyboard */ = {
			isa = PBXVariantGroup;
			children = (
				2937138C1CF499C000056AFB /* Base */,
			);
			name = LaunchScreen.storyboard;
			sourceTree = "<group>";
		};
/* End PBXVariantGroup section */

/* Begin XCBuildConfiguration section */
		2937138F1CF499C000056AFB /* Debug */ = {
			isa = XCBuildConfiguration;
			buildSettings = {
				ALWAYS_SEARCH_USER_PATHS = NO;
				CLANG_ANALYZER_NONNULL = YES;
				CLANG_CXX_LANGUAGE_STANDARD = "gnu++0x";
				CLANG_CXX_LIBRARY = "libc++";
				CLANG_ENABLE_MODULES = YES;
				CLANG_ENABLE_OBJC_ARC = YES;
				CLANG_WARN_BOOL_CONVERSION = YES;
				CLANG_WARN_CONSTANT_CONVERSION = YES;
				CLANG_WARN_DIRECT_OBJC_ISA_USAGE = YES_ERROR;
				CLANG_WARN_EMPTY_BODY = YES;
				CLANG_WARN_ENUM_CONVERSION = YES;
				CLANG_WARN_INT_CONVERSION = YES;
				CLANG_WARN_OBJC_ROOT_CLASS = YES_ERROR;
				CLANG_WARN_UNREACHABLE_CODE = YES;
				CLANG_WARN__DUPLICATE_METHOD_MATCH = YES;
				"CODE_SIGN_IDENTITY[sdk=iphoneos*]" = "iPhone Developer";
				COPY_PHASE_STRIP = NO;
				DEBUG_INFORMATION_FORMAT = dwarf;
				ENABLE_STRICT_OBJC_MSGSEND = YES;
				ENABLE_TESTABILITY = YES;
				GCC_C_LANGUAGE_STANDARD = gnu99;
				GCC_DYNAMIC_NO_PIC = NO;
				GCC_NO_COMMON_BLOCKS = YES;
				GCC_OPTIMIZATION_LEVEL = 0;
				GCC_PREPROCESSOR_DEFINITIONS = (
					"DEBUG=1",
					"$(inherited)",
				);
				GCC_WARN_64_TO_32_BIT_CONVERSION = YES;
				GCC_WARN_ABOUT_RETURN_TYPE = YES_ERROR;
				GCC_WARN_UNDECLARED_SELECTOR = YES;
				GCC_WARN_UNINITIALIZED_AUTOS = YES_AGGRESSIVE;
				GCC_WARN_UNUSED_FUNCTION = YES;
				GCC_WARN_UNUSED_VARIABLE = YES;
				IPHONEOS_DEPLOYMENT_TARGET = 9.3;
				MTL_ENABLE_DEBUG_INFO = YES;
				ONLY_ACTIVE_ARCH = YES;
				SDKROOT = iphoneos;
				SWIFT_OPTIMIZATION_LEVEL = "-Onone";
			};
			name = Debug;
		};
		293713901CF499C000056AFB /* Release */ = {
			isa = XCBuildConfiguration;
			buildSettings = {
				ALWAYS_SEARCH_USER_PATHS = NO;
				CLANG_ANALYZER_NONNULL = YES;
				CLANG_CXX_LANGUAGE_STANDARD = "gnu++0x";
				CLANG_CXX_LIBRARY = "libc++";
				CLANG_ENABLE_MODULES = YES;
				CLANG_ENABLE_OBJC_ARC = YES;
				CLANG_WARN_BOOL_CONVERSION = YES;
				CLANG_WARN_CONSTANT_CONVERSION = YES;
				CLANG_WARN_DIRECT_OBJC_ISA_USAGE = YES_ERROR;
				CLANG_WARN_EMPTY_BODY = YES;
				CLANG_WARN_ENUM_CONVERSION = YES;
				CLANG_WARN_INT_CONVERSION = YES;
				CLANG_WARN_OBJC_ROOT_CLASS = YES_ERROR;
				CLANG_WARN_UNREACHABLE_CODE = YES;
				CLANG_WARN__DUPLICATE_METHOD_MATCH = YES;
				"CODE_SIGN_IDENTITY[sdk=iphoneos*]" = "iPhone Developer";
				COPY_PHASE_STRIP = NO;
				DEBUG_INFORMATION_FORMAT = "dwarf-with-dsym";
				ENABLE_NS_ASSERTIONS = NO;
				ENABLE_STRICT_OBJC_MSGSEND = YES;
				GCC_C_LANGUAGE_STANDARD = gnu99;
				GCC_NO_COMMON_BLOCKS = YES;
				GCC_WARN_64_TO_32_BIT_CONVERSION = YES;
				GCC_WARN_ABOUT_RETURN_TYPE = YES_ERROR;
				GCC_WARN_UNDECLARED_SELECTOR = YES;
				GCC_WARN_UNINITIALIZED_AUTOS = YES_AGGRESSIVE;
				GCC_WARN_UNUSED_FUNCTION = YES;
				GCC_WARN_UNUSED_VARIABLE = YES;
				IPHONEOS_DEPLOYMENT_TARGET = 9.3;
				MTL_ENABLE_DEBUG_INFO = NO;
				SDKROOT = iphoneos;
				VALIDATE_PRODUCT = YES;
			};
			name = Release;
		};
		293713921CF499C000056AFB /* Debug */ = {
			isa = XCBuildConfiguration;
			buildSettings = {
				ASSETCATALOG_COMPILER_APPICON_NAME = AppIcon;
				INFOPLIST_FILE = generic/Info.plist;
				LD_RUNPATH_SEARCH_PATHS = "$(inherited) @executable_path/Frameworks";
				PRODUCT_BUNDLE_IDENTIFIER = com.example.generic;
				PRODUCT_NAME = "$(TARGET_NAME)";
			};
			name = Debug;
		};
		293713931CF499C000056AFB /* Release */ = {
			isa = XCBuildConfiguration;
			buildSettings = {
				ASSETCATALOG_COMPILER_APPICON_NAME = AppIcon;
				INFOPLIST_FILE = generic/Info.plist;
				LD_RUNPATH_SEARCH_PATHS = "$(inherited) @executable_path/Frameworks";
				PRODUCT_BUNDLE_IDENTIFIER = com.example.generic;
				PRODUCT_NAME = "$(TARGET_NAME)";
			};
			name = Release;
		};
/* End XCBuildConfiguration section */

/* Begin XCConfigurationList section */
		2937137A1CF499C000056AFB /* Build configuration list for PBXProject "generic" */ = {
			isa = XCConfigurationList;
			buildConfigurations = (
				2937138F1CF499C000056AFB /* Debug */,
				293713901CF499C000056AFB /* Release */,
			);
			defaultConfigurationIsVisible = 0;
			defaultConfigurationName = Release;
		};
		293713911CF499C000056AFB /* Build configuration list for PBXNativeTarget "generic" */ = {
			isa = XCConfigurationList;
			buildConfigurations = (
				293713921CF499C000056AFB /* Debug */,
				293713931CF499C000056AFB /* Release */,
			);
			defaultConfigurationIsVisible = 0;
		};
/* End XCConfigurationList section */
	};
	rootObject = 293713771CF499C000056AFB /* Project object */;
}
